
Microsoft Visual Studio Solution File, Format Version 12.00
# Visual Studio 2012
Project("{FAE04EC0-301F-11D3-BF4B-00C04F79EFBC}") = "Calculadoraintento3", "Calculadoraintento3\Calculadoraintento3.csproj", "{2CBE4952-BA8B-4B6E-B138-79B914F9A6D8}"
EndProject
Global
	GlobalSection(SolutionConfigurationPlatforms) = preSolution
		Debug|Any CPU = Debug|Any CPU
		Release|Any CPU = Release|Any CPU
	EndGlobalSection
	GlobalSection(ProjectConfigurationPlatforms) = postSolution
		{2CBE4952-BA8B-4B6E-B138-79B914F9A6D8}.Debug|Any CPU.ActiveCfg = Debug|Any CPU
		{2CBE4952-BA8B-4B6E-B138-79B914F9A6D8}.Debug|Any CPU.Build.0 = Debug|Any CPU
		{2CBE4952-BA8B-4B6E-B138-79B914F9A6D8}.Release|Any CPU.ActiveCfg = Release|Any CPU
		{2CBE4952-BA8B-4B6E-B138-79B914F9A6D8}.Release|Any CPU.Build.0 = Release|Any CPU
	EndGlobalSection
	GlobalSection(SolutionProperties) = preSolution
		HideSolutionNode = FALSE
	EndGlobalSection
EndGlobal
